
Microsoft Visual Studio Solution File, Format Version 12.00
# Visual Studio Version 17
VisualStudioVersion = 17.5.002.0
MinimumVisualStudioVersion = 10.0.40219.1
Project("{2150E333-8FDC-42A3-9474-1A3956D46DE8}") = "owasp", "owasp", "{70111741-DFA1-4506-8D86-D820A5EF15B3}"
EndProject
Project("{9A19103F-16F7-4668-BE54-9A1E7A4F7556}") = "server", "owasp\server\server.csproj", "{CC4CDB81-06E1-4398-BFCF-7309A3B5E8B4}"
EndProject
Global
	GlobalSection(SolutionConfigurationPlatforms) = preSolution
		Debug|Any CPU = Debug|Any CPU
		Release|Any CPU = Release|Any CPU
	EndGlobalSection
	GlobalSection(ProjectConfigurationPlatforms) = postSolution
		{CC4CDB81-06E1-4398-BFCF-7309A3B5E8B4}.Debug|Any CPU.ActiveCfg = Debug|Any CPU
		{CC4CDB81-06E1-4398-BFCF-7309A3B5E8B4}.Debug|Any CPU.Build.0 = Debug|Any CPU
		{CC4CDB81-06E1-4398-BFCF-7309A3B5E8B4}.Release|Any CPU.ActiveCfg = Release|Any CPU
		{CC4CDB81-06E1-4398-BFCF-7309A3B5E8B4}.Release|Any CPU.Build.0 = Release|Any CPU
	EndGlobalSection
	GlobalSection(SolutionProperties) = preSolution
		HideSolutionNode = FALSE
	EndGlobalSection
	GlobalSection(NestedProjects) = preSolution
		{CC4CDB81-06E1-4398-BFCF-7309A3B5E8B4} = {70111741-DFA1-4506-8D86-D820A5EF15B3}
	EndGlobalSection
	GlobalSection(ExtensibilityGlobals) = postSolution
		SolutionGuid = {F660F886-371D-4370-87D0-B4FA1A2FA616}
	EndGlobalSection
EndGlobal
